
Microsoft Visual Studio Solution File, Format Version 12.00
# Visual Studio Version 16
VisualStudioVersion = 16.0.31729.503
MinimumVisualStudioVersion = 10.0.40219.1
Project("{FAE04EC0-301F-11D3-BF4B-00C04F79EFBC}") = "CloudCFG's Test", "CloudCFG's Test\CloudCFG's Test.csproj", "{43E48A2B-8365-455D-8F42-8B0685450F2B}"
EndProject
Global
	GlobalSection(SolutionConfigurationPlatforms) = preSolution
		Debug|Any CPU = Debug|Any CPU
		Release|Any CPU = Release|Any CPU
	EndGlobalSection
	GlobalSection(ProjectConfigurationPlatforms) = postSolution
		{43E48A2B-8365-455D-8F42-8B0685450F2B}.Debug|Any CPU.ActiveCfg = Debug|Any CPU
		{43E48A2B-8365-455D-8F42-8B0685450F2B}.Debug|Any CPU.Build.0 = Debug|Any CPU
		{43E48A2B-8365-455D-8F42-8B0685450F2B}.Release|Any CPU.ActiveCfg = Release|Any CPU
		{43E48A2B-8365-455D-8F42-8B0685450F2B}.Release|Any CPU.Build.0 = Release|Any CPU
	EndGlobalSection
	GlobalSection(SolutionProperties) = preSolution
		HideSolutionNode = FALSE
	EndGlobalSection
	GlobalSection(ExtensibilityGlobals) = postSolution
		SolutionGuid = {FE9E6366-5850-4DC9-A734-EA1AC272A6EA}
	EndGlobalSection
EndGlobal
